PODS:
  - UICollectionViewLeftAlignedLayout (2.0.0)

DEPENDENCIES:
  - UICollectionViewLeftAlignedLayout (from `..`)

EXTERNAL SOURCES:
  UICollectionViewLeftAlignedLayout:
    :path: ".."

SPEC CHECKSUMS:
  UICollectionViewLeftAlignedLayout: ccb93790d907ba4befd1450542d9e48e4e669459

PODFILE CHECKSUM: 7595a490e2b9616a6dd193c631f2b38a0567d170

COCOAPODS: 1.2.1
